
Microsoft Visual Studio Solution File, Format Version 12.00
# Visual Studio 2013
VisualStudioVersion = 12.0.40629.0
MinimumVisualStudioVersion = 10.0.40219.1
Project("{FAE04EC0-301F-11D3-BF4B-00C04F79EFBC}") = "DeviceBaseSystems.UI", "DeviceBaseSystems.UI\DeviceBaseSystems.UI.csproj", "{5794C90D-DBE9-43A4-87FD-C8CF1B3F4F15}"
EndProject
Project("{FAE04EC0-301F-11D3-BF4B-00C04F79EFBC}") = "Anatoli.ViewModels", "..\..\..\Anatoli\Anatoli-SharedLibrary\Anatoli.ViewModels\Anatoli.ViewModels.csproj", "{41DD2CA9-EEDA-4EDB-B6F8-6F4A4ACFB259}"
EndProject
Project("{2150E333-8FDC-42A3-9474-1A3956D46DE8}") = ".nuget", ".nuget", "{AA70263C-A026-41FC-8DB1-2AB2477666D1}"
	ProjectSection(SolutionItems) = preProject
		.nuget\NuGet.Config = .nuget\NuGet.Config
		.nuget\NuGet.exe = .nuget\NuGet.exe
		.nuget\NuGet.targets = .nuget\NuGet.targets
	EndProjectSection
EndProject
Global
	GlobalSection(SolutionConfigurationPlatforms) = preSolution
		Debug|Any CPU = Debug|Any CPU
		Release|Any CPU = Release|Any CPU
	EndGlobalSection
	GlobalSection(ProjectConfigurationPlatforms) = postSolution
		{5794C90D-DBE9-43A4-87FD-C8CF1B3F4F15}.Debug|Any CPU.ActiveCfg = Debug|Any CPU
		{5794C90D-DBE9-43A4-87FD-C8CF1B3F4F15}.Debug|Any CPU.Build.0 = Debug|Any CPU
		{5794C90D-DBE9-43A4-87FD-C8CF1B3F4F15}.Release|Any CPU.ActiveCfg = Release|Any CPU
		{5794C90D-DBE9-43A4-87FD-C8CF1B3F4F15}.Release|Any CPU.Build.0 = Release|Any CPU
		{41DD2CA9-EEDA-4EDB-B6F8-6F4A4ACFB259}.Debug|Any CPU.ActiveCfg = Debug|Any CPU
		{41DD2CA9-EEDA-4EDB-B6F8-6F4A4ACFB259}.Debug|Any CPU.Build.0 = Debug|Any CPU
		{41DD2CA9-EEDA-4EDB-B6F8-6F4A4ACFB259}.Release|Any CPU.ActiveCfg = Release|Any CPU
		{41DD2CA9-EEDA-4EDB-B6F8-6F4A4ACFB259}.Release|Any CPU.Build.0 = Release|Any CPU
	EndGlobalSection
	GlobalSection(SolutionProperties) = preSolution
		HideSolutionNode = FALSE
	EndGlobalSection
EndGlobal
